
Microsoft Visual Studio Solution File, Format Version 12.00
# Visual Studio Version 17
VisualStudioVersion = 17.4.33103.184
MinimumVisualStudioVersion = 10.0.40219.1
Project("{FAE04EC0-301F-11D3-BF4B-00C04F79EFBC}") = "GamblingDiscordBot", "GamblingDiscordBot\GamblingDiscordBot.csproj", "{CF2771A6-C61F-4DA8-896B-1DB06646470B}"
EndProject
Global
	GlobalSection(SolutionConfigurationPlatforms) = preSolution
		Debug|Any CPU = Debug|Any CPU
		Release|Any CPU = Release|Any CPU
	EndGlobalSection
	GlobalSection(ProjectConfigurationPlatforms) = postSolution
		{CF2771A6-C61F-4DA8-896B-1DB06646470B}.Debug|Any CPU.ActiveCfg = Debug|Any CPU
		{CF2771A6-C61F-4DA8-896B-1DB06646470B}.Debug|Any CPU.Build.0 = Debug|Any CPU
		{CF2771A6-C61F-4DA8-896B-1DB06646470B}.Release|Any CPU.ActiveCfg = Release|Any CPU
		{CF2771A6-C61F-4DA8-896B-1DB06646470B}.Release|Any CPU.Build.0 = Release|Any CPU
	EndGlobalSection
	GlobalSection(SolutionProperties) = preSolution
		HideSolutionNode = FALSE
	EndGlobalSection
	GlobalSection(ExtensibilityGlobals) = postSolution
		SolutionGuid = {2526F2B8-8C8C-4E30-B7AD-007BC600277F}
	EndGlobalSection
EndGlobal
